
Microsoft Visual Studio Solution File, Format Version 12.00
# Visual Studio Version 16
VisualStudioVersion = 16.0.29503.13
MinimumVisualStudioVersion = 10.0.40219.1
Project("{FAE04EC0-301F-11D3-BF4B-00C04F79EFBC}") = "Course_Work2", "Course_Work2\Course_Work2.csproj", "{C337E907-7893-405D-AE59-D848B7D8DAF2}"
EndProject
Global
	GlobalSection(SolutionConfigurationPlatforms) = preSolution
		Debug|Any CPU = Debug|Any CPU
		Release|Any CPU = Release|Any CPU
	EndGlobalSection
	GlobalSection(ProjectConfigurationPlatforms) = postSolution
		{C337E907-7893-405D-AE59-D848B7D8DAF2}.Debug|Any CPU.ActiveCfg = Debug|Any CPU
		{C337E907-7893-405D-AE59-D848B7D8DAF2}.Debug|Any CPU.Build.0 = Debug|Any CPU
		{C337E907-7893-405D-AE59-D848B7D8DAF2}.Release|Any CPU.ActiveCfg = Release|Any CPU
		{C337E907-7893-405D-AE59-D848B7D8DAF2}.Release|Any CPU.Build.0 = Release|Any CPU
	EndGlobalSection
	GlobalSection(SolutionProperties) = preSolution
		HideSolutionNode = FALSE
	EndGlobalSection
	GlobalSection(ExtensibilityGlobals) = postSolution
		SolutionGuid = {1EC4574B-F28F-4F03-B76B-7E91204B3AA6}
	EndGlobalSection
EndGlobal
